// !$*UTF8*$!
{
	archiveVersion = 1;
	classes = {
	};
	objectVersion = 46;
	objects = {

/* Begin PBXBuildFile section */
		BA6B716D1B267B2F004F6603 /* AppDelegate.swift in Sources */ = {isa = PBXBuildFile; fileRef = BA6B716C1B267B2F004F6603 /* AppDelegate.swift */; };
		BA6B716F1B267B2F004F6603 /* ViewController.swift in Sources */ = {isa = PBXBuildFile; fileRef = BA6B716E1B267B2F004F6603 /* ViewController.swift */; };
		BA6B71721B267B2F004F6603 /* Main.storyboard in Resources */ = {isa = PBXBuildFile; fileRef = BA6B71701B267B2F004F6603 /* Main.storyboard */; };
		BA6B71741B267B2F004F6603 /* Images.xcassets in Resources */ = {isa = PBXBuildFile; fileRef = BA6B71731B267B2F004F6603 /* Images.xcassets */; };
		BA6B71771B267B2F004F6603 /* LaunchScreen.xib in Resources */ = {isa = PBXBuildFile; fileRef = BA6B71751B267B2F004F6603 /* LaunchScreen.xib */; };
		BA6B71831B267B2F004F6603 /* StatusTests.swift in Sources */ = {isa = PBXBuildFile; fileRef = BA6B71821B267B2F004F6603 /* StatusTests.swift */; };
		BA6B718D1B267EF4004F6603 /* User.swift in Sources */ = {isa = PBXBuildFile; fileRef = BA6B718C1B267EF4004F6603 /* User.swift */; };
		BA6B71911B268007004F6603 /* Update.swift in Sources */ = {isa = PBXBuildFile; fileRef = BA6B71901B268007004F6603 /* Update.swift */; };
		BA6B71941B26954E004F6603 /* UpdateTableViewCell.swift in Sources */ = {isa = PBXBuildFile; fileRef = BA6B71921B26954E004F6603 /* UpdateTableViewCell.swift */; };
		BA6B71951B26954E004F6603 /* UpdateTableViewCell.xib in Resources */ = {isa = PBXBuildFile; fileRef = BA6B71931B26954E004F6603 /* UpdateTableViewCell.xib */; };
/* End PBXBuildFile section */

/* Begin PBXContainerItemProxy section */
		BA6B717D1B267B2F004F6603 /* PBXContainerItemProxy */ = {
			isa = PBXContainerItemProxy;
			containerPortal = BA6B715F1B267B2E004F6603 /* Project object */;
			proxyType = 1;
			remoteGlobalIDString = BA6B71661B267B2E004F6603;
			remoteInfo = Status;
		};
/* End PBXContainerItemProxy section */

/* Begin PBXFileReference section */
		BA6B71671B267B2E004F6603 /* Status.app */ = {isa = PBXFileReference; explicitFileType = wrapper.application; includeInIndex = 0; path = Status.app; sourceTree = BUILT_PRODUCTS_DIR; };
		BA6B716B1B267B2F004F6603 /* Info.plist */ = {isa = PBXFileReference; lastKnownFileType = text.plist.xml; path = Info.plist; sourceTree = "<group>"; };
		BA6B716C1B267B2F004F6603 /* AppDelegate.swift */ = {isa = PBXFileReference; lastKnownFileType = sourcecode.swift; path = AppDelegate.swift; sourceTree = "<group>"; };
		BA6B716E1B267B2F004F6603 /* ViewController.swift */ = {isa = PBXFileReference; lastKnownFileType = sourcecode.swift; path = ViewController.swift; sourceTree = "<group>"; };
		BA6B71711B267B2F004F6603 /* Base */ = {isa = PBXFileReference; lastKnownFileType = file.storyboard; name = Base; path = Base.lproj/Main.storyboard; sourceTree = "<group>"; };
		BA6B71731B267B2F004F6603 /* Images.xcassets */ = {isa = PBXFileReference; lastKnownFileType = folder.assetcatalog; path = Images.xcassets; sourceTree = "<group>"; };
		BA6B71761B267B2F004F6603 /* Base */ = {isa = PBXFileReference; lastKnownFileType = file.xib; name = Base; path = Base.lproj/LaunchScreen.xib; sourceTree = "<group>"; };
		BA6B717C1B267B2F004F6603 /* StatusTests.xctest */ = {isa = PBXFileReference; explicitFileType = wrapper.cfbundle; includeInIndex = 0; path = StatusTests.xctest; sourceTree = BUILT_PRODUCTS_DIR; };
		BA6B71811B267B2F004F6603 /* Info.plist */ = {isa = PBXFileReference; lastKnownFileType = text.plist.xml; path = Info.plist; sourceTree = "<group>"; };
		BA6B71821B267B2F004F6603 /* StatusTests.swift */ = {isa = PBXFileReference; lastKnownFileType = sourcecode.swift; path = StatusTests.swift; sourceTree = "<group>"; };
		BA6B718C1B267EF4004F6603 /* User.swift */ = {isa = PBXFileReference; fileEncoding = 4; lastKnownFileType = sourcecode.swift; path = User.swift; sourceTree = "<group>"; };
		BA6B71901B268007004F6603 /* Update.swift */ = {isa = PBXFileReference; fileEncoding = 4; lastKnownFileType = sourcecode.swift; path = Update.swift; sourceTree = "<group>"; };
		BA6B71921B26954E004F6603 /* UpdateTableViewCell.swift */ = {isa = PBXFileReference; fileEncoding = 4; lastKnownFileType = sourcecode.swift; path = UpdateTableViewCell.swift; sourceTree = "<group>"; };
		BA6B71931B26954E004F6603 /* UpdateTableViewCell.xib */ = {isa = PBXFileReference; fileEncoding = 4; lastKnownFileType = file.xib; path = UpdateTableViewCell.xib; sourceTree = "<group>"; };
/* End PBXFileReference section */

/* Begin PBXFrameworksBuildPhase section */
		BA6B71641B267B2E004F6603 /* Frameworks */ = {
			isa = PBXFrameworksBuildPhase;
			buildActionMask = 2147483647;
			files = (
			);
			runOnlyForDeploymentPostprocessing = 0;
		};
		BA6B71791B267B2F004F6603 /* Frameworks */ = {
			isa = PBXFrameworksBuildPhase;
			buildActionMask = 2147483647;
			files = (
			);
			runOnlyForDeploymentPostprocessing = 0;
		};
/* End PBXFrameworksBuildPhase section */

/* Begin PBXGroup section */
		BA6B715E1B267B2E004F6603 = {
			isa = PBXGroup;
			children = (
				BA6B71691B267B2E004F6603 /* Status */,
				BA6B717F1B267B2F004F6603 /* StatusTests */,
				BA6B71681B267B2E004F6603 /* Products */,
			);
			sourceTree = "<group>";
		};
		BA6B71681B267B2E004F6603 /* Products */ = {
			isa = PBXGroup;
			children = (
				BA6B71671B267B2E004F6603 /* Status.app */,
				BA6B717C1B267B2F004F6603 /* StatusTests.xctest */,
			);
			name = Products;
			sourceTree = "<group>";
		};
		BA6B71691B267B2E004F6603 /* Status */ = {
			isa = PBXGroup;
			children = (
				BA6B716C1B267B2F004F6603 /* AppDelegate.swift */,
				BA6B716E1B267B2F004F6603 /* ViewController.swift */,
				BA6B71921B26954E004F6603 /* UpdateTableViewCell.swift */,
				BA6B71931B26954E004F6603 /* UpdateTableViewCell.xib */,
				BA6B718C1B267EF4004F6603 /* User.swift */,
				BA6B71901B268007004F6603 /* Update.swift */,
				BA6B71701B267B2F004F6603 /* Main.storyboard */,
				BA6B71731B267B2F004F6603 /* Images.xcassets */,
				BA6B71751B267B2F004F6603 /* LaunchScreen.xib */,
				BA6B716A1B267B2E004F6603 /* Supporting Files */,
			);
			path = Status;
			sourceTree = "<group>";
		};
		BA6B716A1B267B2E004F6603 /* Supporting Files */ = {
			isa = PBXGroup;
			children = (
				BA6B716B1B267B2F004F6603 /* Info.plist */,
			);
			name = "Supporting Files";
			sourceTree = "<group>";
		};
		BA6B717F1B267B2F004F6603 /* StatusTests */ = {
			isa = PBXGroup;
			children = (
				BA6B71821B267B2F004F6603 /* StatusTests.swift */,
				BA6B71801B267B2F004F6603 /* Supporting Files */,
			);
			path = StatusTests;
			sourceTree = "<group>";
		};
		BA6B71801B267B2F004F6603 /* Supporting Files */ = {
			isa = PBXGroup;
			children = (
				BA6B71811B267B2F004F6603 /* Info.plist */,
			);
			name = "Supporting Files";
			sourceTree = "<group>";
		};
/* End PBXGroup section */

/* Begin PBXNativeTarget section */
		BA6B71661B267B2E004F6603 /* Status */ = {
			isa = PBXNativeTarget;
			buildConfigurationList = BA6B71861B267B2F004F6603 /* Build configuration list for PBXNativeTarget "Status" */;
			buildPhases = (
				BA6B71631B267B2E004F6603 /* Sources */,
				BA6B71641B267B2E004F6603 /* Frameworks */,
				BA6B71651B267B2E004F6603 /* Resources */,
			);
			buildRules = (
			);
			dependencies = (
			);
			name = Status;
			productName = Status;
			productReference = BA6B71671B267B2E004F6603 /* Status.app */;
			productType = "com.apple.product-type.application";
		};
		BA6B717B1B267B2F004F6603 /* StatusTests */ = {
			isa = PBXNativeTarget;
			buildConfigurationList = BA6B71891B267B2F004F6603 /* Build configuration list for PBXNativeTarget "StatusTests" */;
			buildPhases = (
				BA6B71781B267B2F004F6603 /* Sources */,
				BA6B71791B267B2F004F6603 /* Frameworks */,
				BA6B717A1B267B2F004F6603 /* Resources */,
			);
			buildRules = (
			);
			dependencies = (
				BA6B717E1B267B2F004F6603 /* PBXTargetDependency */,
			);
			name = StatusTests;
			productName = StatusTests;
			productReference = BA6B717C1B267B2F004F6603 /* StatusTests.xctest */;
			productType = "com.apple.product-type.bundle.unit-test";
		};
/* End PBXNativeTarget section */

/* Begin PBXProject section */
		BA6B715F1B267B2E004F6603 /* Project object */ = {
			isa = PBXProject;
			attributes = {
				LastUpgradeCheck = 0630;
				ORGANIZATIONNAME = "James Martinez";
				TargetAttributes = {
					BA6B71661B267B2E004F6603 = {
						CreatedOnToolsVersion = 6.3.2;
					};
					BA6B717B1B267B2F004F6603 = {
						CreatedOnToolsVersion = 6.3.2;
						TestTargetID = BA6B71661B267B2E004F6603;
					};
				};
			};
			buildConfigurationList = BA6B71621B267B2E004F6603 /* Build configuration list for PBXProject "Status" */;
			compatibilityVersion = "Xcode 3.2";
			developmentRegion = English;
			hasScannedForEncodings = 0;
			knownRegions = (
				en,
				Base,
			);
			mainGroup = BA6B715E1B267B2E004F6603;
			productRefGroup = BA6B71681B267B2E004F6603 /* Products */;
			projectDirPath = "";
			projectRoot = "";
			targets = (
				BA6B71661B267B2E004F6603 /* Status */,
				BA6B717B1B267B2F004F6603 /* StatusTests */,
			);
		};
/* End PBXProject section */

/* Begin PBXResourcesBuildPhase section */
		BA6B71651B267B2E004F6603 /* Resources */ = {
			isa = PBXResourcesBuildPhase;
			buildActionMask = 2147483647;
			files = (
				BA6B71721B267B2F004F6603 /* Main.storyboard in Resources */,
				BA6B71771B267B2F004F6603 /* LaunchScreen.xib in Resources */,
				BA6B71951B26954E004F6603 /* UpdateTableViewCell.xib in Resources */,
				BA6B71741B267B2F004F6603 /* Images.xcassets in Resources */,
			);
			runOnlyForDeploymentPostprocessing = 0;
		};
		BA6B717A1B267B2F004F6603 /* Resources */ = {
			isa = PBXResourcesBuildPhase;
			buildActionMask = 2147483647;
			files = (
			);
			runOnlyForDeploymentPostprocessing = 0;
		};
/* End PBXResourcesBuildPhase section */

/* Begin PBXSourcesBuildPhase section */
		BA6B71631B267B2E004F6603 /* Sources */ = {
			isa = PBXSourcesBuildPhase;
			buildActionMask = 2147483647;
			files = (
				BA6B716F1B267B2F004F6603 /* ViewController.swift in Sources */,
				BA6B71941B26954E004F6603 /* UpdateTableViewCell.swift in Sources */,
				BA6B716D1B267B2F004F6603 /* AppDelegate.swift in Sources */,
				BA6B71911B268007004F6603 /* Update.swift in Sources */,
				BA6B718D1B267EF4004F6603 /* User.swift in Sources */,
			);
			runOnlyForDeploymentPostprocessing = 0;
		};
		BA6B71781B267B2F004F6603 /* Sources */ = {
			isa = PBXSourcesBuildPhase;
			buildActionMask = 2147483647;
			files = (
				BA6B71831B267B2F004F6603 /* StatusTests.swift in Sources */,
			);
			runOnlyForDeploymentPostprocessing = 0;
		};
/* End PBXSourcesBuildPhase section */

/* Begin PBXTargetDependency section */
		BA6B717E1B267B2F004F6603 /* PBXTargetDependency */ = {
			isa = PBXTargetDependency;
			target = BA6B71661B267B2E004F6603 /* Status */;
			targetProxy = BA6B717D1B267B2F004F6603 /* PBXContainerItemProxy */;
		};
/* End PBXTargetDependency section */

/* Begin PBXVariantGroup section */
		BA6B71701B267B2F004F6603 /* Main.storyboard */ = {
			isa = PBXVariantGroup;
			children = (
				BA6B71711B267B2F004F6603 /* Base */,
			);
			name = Main.storyboard;
			sourceTree = "<group>";
		};
		BA6B71751B267B2F004F6603 /* LaunchScreen.xib */ = {
			isa = PBXVariantGroup;
			children = (
				BA6B71761B267B2F004F6603 /* Base */,
			);
			name = LaunchScreen.xib;
			sourceTree = "<group>";
		};
/* End PBXVariantGroup section */

/* Begin XCBuildConfiguration section */
		BA6B71841B267B2F004F6603 /* Debug */ = {
			isa = XCBuildConfiguration;
			buildSettings = {
				ALWAYS_SEARCH_USER_PATHS = NO;
				CLANG_CXX_LANGUAGE_STANDARD = "gnu++0x";
				CLANG_CXX_LIBRARY = "libc++";
				CLANG_ENABLE_MODULES = YES;
				CLANG_ENABLE_OBJC_ARC = YES;
				CLANG_WARN_BOOL_CONVERSION = YES;
				CLANG_WARN_CONSTANT_CONVERSION = YES;
				CLANG_WARN_DIRECT_OBJC_ISA_USAGE = YES_ERROR;
				CLANG_WARN_EMPTY_BODY = YES;
				CLANG_WARN_ENUM_CONVERSION = YES;
				CLANG_WARN_INT_CONVERSION = YES;
				CLANG_WARN_OBJC_ROOT_CLASS = YES_ERROR;
				CLANG_WARN_UNREACHABLE_CODE = YES;
				CLANG_WARN__DUPLICATE_METHOD_MATCH = YES;
				"CODE_SIGN_IDENTITY[sdk=iphoneos*]" = "iPhone Developer";
				COPY_PHASE_STRIP = NO;
				DEBUG_INFORMATION_FORMAT = "dwarf-with-dsym";
				ENABLE_STRICT_OBJC_MSGSEND = YES;
				GCC_C_LANGUAGE_STANDARD = gnu99;
				GCC_DYNAMIC_NO_PIC = NO;
				GCC_NO_COMMON_BLOCKS = YES;
				GCC_OPTIMIZATION_LEVEL = 0;
				GCC_PREPROCESSOR_DEFINITIONS = (
					"DEBUG=1",
					"$(inherited)",
				);
				GCC_SYMBOLS_PRIVATE_EXTERN = NO;
				GCC_WARN_64_TO_32_BIT_CONVERSION = YES;
				GCC_WARN_ABOUT_RETURN_TYPE = YES_ERROR;
				GCC_WARN_UNDECLARED_SELECTOR = YES;
				GCC_WARN_UNINITIALIZED_AUTOS = YES_AGGRESSIVE;
				GCC_WARN_UNUSED_FUNCTION = YES;
				GCC_WARN_UNUSED_VARIABLE = YES;
				IPHONEOS_DEPLOYMENT_TARGET = 8.3;
				MTL_ENABLE_DEBUG_INFO = YES;
				ONLY_ACTIVE_ARCH = YES;
				SDKROOT = iphoneos;
				SWIFT_OPTIMIZATION_LEVEL = "-Onone";
				TARGETED_DEVICE_FAMILY = "1,2";
			};
			name = Debug;
		};
		BA6B71851B267B2F004F6603 /* Release */ = {
			isa = XCBuildConfiguration;
			buildSettings = {
				ALWAYS_SEARCH_USER_PATHS = NO;
				CLANG_CXX_LANGUAGE_STANDARD = "gnu++0x";
				CLANG_CXX_LIBRARY = "libc++";
				CLANG_ENABLE_MODULES = YES;
				CLANG_ENABLE_OBJC_ARC = YES;
				CLANG_WARN_BOOL_CONVERSION = YES;
				CLANG_WARN_CONSTANT_CONVERSION = YES;
				CLANG_WARN_DIRECT_OBJC_ISA_USAGE = YES_ERROR;
				CLANG_WARN_EMPTY_BODY = YES;
				CLANG_WARN_ENUM_CONVERSION = YES;
				CLANG_WARN_INT_CONVERSION = YES;
				CLANG_WARN_OBJC_ROOT_CLASS = YES_ERROR;
				CLANG_WARN_UNREACHABLE_CODE = YES;
				CLANG_WARN__DUPLICATE_METHOD_MATCH = YES;
				"CODE_SIGN_IDENTITY[sdk=iphoneos*]" = "iPhone Developer";
				COPY_PHASE_STRIP = NO;
				DEBUG_INFORMATION_FORMAT = "dwarf-with-dsym";
				ENABLE_NS_ASSERTIONS = NO;
				ENABLE_STRICT_OBJC_MSGSEND = YES;
				GCC_C_LANGUAGE_STANDARD = gnu99;
				GCC_NO_COMMON_BLOCKS = YES;
				GCC_WARN_64_TO_32_BIT_CONVERSION = YES;
				GCC_WARN_ABOUT_RETURN_TYPE = YES_ERROR;
				GCC_WARN_UNDECLARED_SELECTOR = YES;
				GCC_WARN_UNINITIALIZED_AUTOS = YES_AGGRESSIVE;
				GCC_WARN_UNUSED_FUNCTION = YES;
				GCC_WARN_UNUSED_VARIABLE = YES;
				IPHONEOS_DEPLOYMENT_TARGET = 8.3;
				MTL_ENABLE_DEBUG_INFO = NO;
				SDKROOT = iphoneos;
				TARGETED_DEVICE_FAMILY = "1,2";
				VALIDATE_PRODUCT = YES;
			};
			name = Release;
		};
		BA6B71871B267B2F004F6603 /* Debug */ = {
			isa = XCBuildConfiguration;
			buildSettings = {
				ASSETCATALOG_COMPILER_APPICON_NAME = AppIcon;
				INFOPLIST_FILE = Status/Info.plist;
				LD_RUNPATH_SEARCH_PATHS = "$(inherited) @executable_path/Frameworks";
				PRODUCT_NAME = "$(TARGET_NAME)";
			};
			name = Debug;
		};
		BA6B71881B267B2F004F6603 /* Release */ = {
			isa = XCBuildConfiguration;
			buildSettings = {
				ASSETCATALOG_COMPILER_APPICON_NAME = AppIcon;
				INFOPLIST_FILE = Status/Info.plist;
				LD_RUNPATH_SEARCH_PATHS = "$(inherited) @executable_path/Frameworks";
				PRODUCT_NAME = "$(TARGET_NAME)";
			};
			name = Release;
		};
		BA6B718A1B267B2F004F6603 /* Debug */ = {
			isa = XCBuildConfiguration;
			buildSettings = {
				BUNDLE_LOADER = "$(TEST_HOST)";
				FRAMEWORK_SEARCH_PATHS = (
					"$(SDKROOT)/Developer/Library/Frameworks",
					"$(inherited)",
				);
				GCC_PREPROCESSOR_DEFINITIONS = (
					"DEBUG=1",
					"$(inherited)",
				);
				INFOPLIST_FILE = StatusTests/Info.plist;
				LD_RUNPATH_SEARCH_PATHS = "$(inherited) @executable_path/Frameworks @loader_path/Frameworks";
				PRODUCT_NAME = "$(TARGET_NAME)";
				TEST_HOST = "$(BUILT_PRODUCTS_DIR)/Status.app/Status";
			};
			name = Debug;
		};
		BA6B718B1B267B2F004F6603 /* Release */ = {
			isa = XCBuildConfiguration;
			buildSettings = {
				BUNDLE_LOADER = "$(TEST_HOST)";
				FRAMEWORK_SEARCH_PATHS = (
					"$(SDKROOT)/Developer/Library/Frameworks",
					"$(inherited)",
				);
				INFOPLIST_FILE = StatusTests/Info.plist;
				LD_RUNPATH_SEARCH_PATHS = "$(inherited) @executable_path/Frameworks @loader_path/Frameworks";
				PRODUCT_NAME = "$(TARGET_NAME)";
				TEST_HOST = "$(BUILT_PRODUCTS_DIR)/Status.app/Status";
			};
			name = Release;
		};
/* End XCBuildConfiguration section */

/* Begin XCConfigurationList section */
		BA6B71621B267B2E004F6603 /* Build configuration list for PBXProject "Status" */ = {
			isa = XCConfigurationList;
			buildConfigurations = (
				BA6B71841B267B2F004F6603 /* Debug */,
				BA6B71851B267B2F004F6603 /* Release */,
			);
			defaultConfigurationIsVisible = 0;
			defaultConfigurationName = Release;
		};
		BA6B71861B267B2F004F6603 /* Build configuration list for PBXNativeTarget "Status" */ = {
			isa = XCConfigurationList;
			buildConfigurations = (
				BA6B71871B267B2F004F6603 /* Debug */,
				BA6B71881B267B2F004F6603 /* Release */,
			);
			defaultConfigurationIsVisible = 0;
		};
		BA6B71891B267B2F004F6603 /* Build configuration list for PBXNativeTarget "StatusTests" */ = {
			isa = XCConfigurationList;
			buildConfigurations = (
				BA6B718A1B267B2F004F6603 /* Debug */,
				BA6B718B1B267B2F004F6603 /* Release */,
			);
			defaultConfigurationIsVisible = 0;
		};
/* End XCConfigurationList section */
	};
	rootObject = BA6B715F1B267B2E004F6603 /* Project object */;
}
